// !$*UTF8*$!
{
	archiveVersion = 1;
	classes = {
	};
	objectVersion = 46;
	objects = {

/* Begin PBXBuildFile section */
		0B7BBB09AD5C55F3DCE827EB /* Pods_Vote.framework in Frameworks */ = {isa = PBXBuildFile; fileRef = 301F87B2BC3B9F306CC4C6BF /* Pods_Vote.framework */; };
		2820FAB9EED845B69B677DAA /* Pods_VoteTests.framework in Frameworks */ = {isa = PBXBuildFile; fileRef = E3DB87A3A771EC2F7E67DAE1 /* Pods_VoteTests.framework */; };
		844913061E3D1EA1001B4E69 /* GoogleService-Info.plist in Resources */ = {isa = PBXBuildFile; fileRef = 844913051E3D1EA0001B4E69 /* GoogleService-Info.plist */; };
		8449130D1E3D2731001B4E69 /* User.swift in Sources */ = {isa = PBXBuildFile; fileRef = 8449130C1E3D2731001B4E69 /* User.swift */; };
		844B329F1E3D5D9D00C4ED9B /* Vote.swift in Sources */ = {isa = PBXBuildFile; fileRef = 844B329E1E3D5D9D00C4ED9B /* Vote.swift */; };
		84756A671E40DEB400BAEF65 /* Topic.swift in Sources */ = {isa = PBXBuildFile; fileRef = 84756A661E40DEB400BAEF65 /* Topic.swift */; };
		84CFA59C1E391DCE004E2FA3 /* AppDelegate.swift in Sources */ = {isa = PBXBuildFile; fileRef = 84CFA59B1E391DCE004E2FA3 /* AppDelegate.swift */; };
		84CFA59E1E391DCE004E2FA3 /* ViewController.swift in Sources */ = {isa = PBXBuildFile; fileRef = 84CFA59D1E391DCE004E2FA3 /* ViewController.swift */; };
		84CFA5A31E391DCE004E2FA3 /* Assets.xcassets in Resources */ = {isa = PBXBuildFile; fileRef = 84CFA5A21E391DCE004E2FA3 /* Assets.xcassets */; };
		84CFA5A61E391DCF004E2FA3 /* LaunchScreen.storyboard in Resources */ = {isa = PBXBuildFile; fileRef = 84CFA5A41E391DCF004E2FA3 /* LaunchScreen.storyboard */; };
		84CFA5B11E391DCF004E2FA3 /* VoteTests.swift in Sources */ = {isa = PBXBuildFile; fileRef = 84CFA5B01E391DCF004E2FA3 /* VoteTests.swift */; };
		84CFA5BC1E391DCF004E2FA3 /* VoteUITests.swift in Sources */ = {isa = PBXBuildFile; fileRef = 84CFA5BB1E391DCF004E2FA3 /* VoteUITests.swift */; };
		8763A227392888D9E6FDC671 /* Pods_VoteUITests.framework in Frameworks */ = {isa = PBXBuildFile; fileRef = BA3C2C5D65944D1D04083273 /* Pods_VoteUITests.framework */; };
		91121A9E1E47613300DF58CF /* Main.storyboard in Resources */ = {isa = PBXBuildFile; fileRef = 91121A9C1E47613300DF58CF /* Main.storyboard */; };
		916BFEB91E46014700017F21 /* LoginViewController.swift in Sources */ = {isa = PBXBuildFile; fileRef = 916BFEB81E46014700017F21 /* LoginViewController.swift */; };
		917CFCCE1E462CF4007A91CE /* Auth.swift in Sources */ = {isa = PBXBuildFile; fileRef = 917CFCCD1E462CF4007A91CE /* Auth.swift */; };
		917CFCCF1E4635B9007A91CE /* AppDelegate.swift in Sources */ = {isa = PBXBuildFile; fileRef = 84CFA59B1E391DCE004E2FA3 /* AppDelegate.swift */; };
		917CFCD01E4635BA007A91CE /* AppDelegate.swift in Sources */ = {isa = PBXBuildFile; fileRef = 84CFA59B1E391DCE004E2FA3 /* AppDelegate.swift */; };
/* End PBXBuildFile section */

/* Begin PBXContainerItemProxy section */
		84CFA5AD1E391DCF004E2FA3 /* PBXContainerItemProxy */ = {
			isa = PBXContainerItemProxy;
			containerPortal = 84CFA5901E391DCD004E2FA3 /* Project object */;
			proxyType = 1;
			remoteGlobalIDString = 84CFA5971E391DCD004E2FA3;
			remoteInfo = Vote;
		};
		84CFA5B81E391DCF004E2FA3 /* PBXContainerItemProxy */ = {
			isa = PBXContainerItemProxy;
			containerPortal = 84CFA5901E391DCD004E2FA3 /* Project object */;
			proxyType = 1;
			remoteGlobalIDString = 84CFA5971E391DCD004E2FA3;
			remoteInfo = Vote;
		};
/* End PBXContainerItemProxy section */

/* Begin PBXFileReference section */
		1E45E41C3BEB7644618ADD9F /* Pods-Vote.debug.xcconfig */ = {isa = PBXFileReference; includeInIndex = 1; lastKnownFileType = text.xcconfig; name = "Pods-Vote.debug.xcconfig"; path = "Pods/Target Support Files/Pods-Vote/Pods-Vote.debug.xcconfig"; sourceTree = "<group>"; };
		301F87B2BC3B9F306CC4C6BF /* Pods_Vote.framework */ = {isa = PBXFileReference; explicitFileType = wrapper.framework; includeInIndex = 0; path = Pods_Vote.framework; sourceTree = BUILT_PRODUCTS_DIR; };
		7042DE1D99B328E0D81D943E /* Pods-VoteUITests.release.xcconfig */ = {isa = PBXFileReference; includeInIndex = 1; lastKnownFileType = text.xcconfig; name = "Pods-VoteUITests.release.xcconfig"; path = "Pods/Target Support Files/Pods-VoteUITests/Pods-VoteUITests.release.xcconfig"; sourceTree = "<group>"; };
		7B2C2A14FC528EF996DCB118 /* Pods-VoteTests.debug.xcconfig */ = {isa = PBXFileReference; includeInIndex = 1; lastKnownFileType = text.xcconfig; name = "Pods-VoteTests.debug.xcconfig"; path = "Pods/Target Support Files/Pods-VoteTests/Pods-VoteTests.debug.xcconfig"; sourceTree = "<group>"; };
		83B5B2F808CC8E603555FC55 /* Pods-VoteTests.release.xcconfig */ = {isa = PBXFileReference; includeInIndex = 1; lastKnownFileType = text.xcconfig; name = "Pods-VoteTests.release.xcconfig"; path = "Pods/Target Support Files/Pods-VoteTests/Pods-VoteTests.release.xcconfig"; sourceTree = "<group>"; };
		844913051E3D1EA0001B4E69 /* GoogleService-Info.plist */ = {isa = PBXFileReference; fileEncoding = 4; lastKnownFileType = text.plist.xml; path = "GoogleService-Info.plist"; sourceTree = SOURCE_ROOT; };
		8449130C1E3D2731001B4E69 /* User.swift */ = {isa = PBXFileReference; fileEncoding = 4; lastKnownFileType = sourcecode.swift; path = User.swift; sourceTree = "<group>"; };
		844B329E1E3D5D9D00C4ED9B /* Vote.swift */ = {isa = PBXFileReference; fileEncoding = 4; lastKnownFileType = sourcecode.swift; path = Vote.swift; sourceTree = "<group>"; };
		84756A661E40DEB400BAEF65 /* Topic.swift */ = {isa = PBXFileReference; fileEncoding = 4; lastKnownFileType = sourcecode.swift; path = Topic.swift; sourceTree = "<group>"; };
		84CFA5981E391DCD004E2FA3 /* Vote.app */ = {isa = PBXFileReference; explicitFileType = wrapper.application; includeInIndex = 0; path = Vote.app; sourceTree = BUILT_PRODUCTS_DIR; };
		84CFA59B1E391DCE004E2FA3 /* AppDelegate.swift */ = {isa = PBXFileReference; lastKnownFileType = sourcecode.swift; path = AppDelegate.swift; sourceTree = "<group>"; };
		84CFA59D1E391DCE004E2FA3 /* ViewController.swift */ = {isa = PBXFileReference; lastKnownFileType = sourcecode.swift; path = ViewController.swift; sourceTree = "<group>"; };
		84CFA5A21E391DCE004E2FA3 /* Assets.xcassets */ = {isa = PBXFileReference; lastKnownFileType = folder.assetcatalog; path = Assets.xcassets; sourceTree = "<group>"; };
		84CFA5A51E391DCF004E2FA3 /* Base */ = {isa = PBXFileReference; lastKnownFileType = file.storyboard; name = Base; path = Base.lproj/LaunchScreen.storyboard; sourceTree = "<group>"; };
		84CFA5A71E391DCF004E2FA3 /* Info.plist */ = {isa = PBXFileReference; lastKnownFileType = text.plist.xml; path = Info.plist; sourceTree = "<group>"; };
		84CFA5AC1E391DCF004E2FA3 /* VoteTests.xctest */ = {isa = PBXFileReference; explicitFileType = wrapper.cfbundle; includeInIndex = 0; path = VoteTests.xctest; sourceTree = BUILT_PRODUCTS_DIR; };
		84CFA5B01E391DCF004E2FA3 /* VoteTests.swift */ = {isa = PBXFileReference; lastKnownFileType = sourcecode.swift; path = VoteTests.swift; sourceTree = "<group>"; };
		84CFA5B21E391DCF004E2FA3 /* Info.plist */ = {isa = PBXFileReference; lastKnownFileType = text.plist.xml; path = Info.plist; sourceTree = "<group>"; };
		84CFA5B71E391DCF004E2FA3 /* VoteUITests.xctest */ = {isa = PBXFileReference; explicitFileType = wrapper.cfbundle; includeInIndex = 0; path = VoteUITests.xctest; sourceTree = BUILT_PRODUCTS_DIR; };
		84CFA5BB1E391DCF004E2FA3 /* VoteUITests.swift */ = {isa = PBXFileReference; lastKnownFileType = sourcecode.swift; path = VoteUITests.swift; sourceTree = "<group>"; };
		84CFA5BD1E391DCF004E2FA3 /* Info.plist */ = {isa = PBXFileReference; lastKnownFileType = text.plist.xml; path = Info.plist; sourceTree = "<group>"; };
		91121A9D1E47613300DF58CF /* Base */ = {isa = PBXFileReference; lastKnownFileType = file.storyboard; name = Base; path = Base.lproj/Main.storyboard; sourceTree = "<group>"; };
		91121A9F1E48A66300DF58CF /* Vote.entitlements */ = {isa = PBXFileReference; lastKnownFileType = text.plist.entitlements; path = Vote.entitlements; sourceTree = "<group>"; };
		916BFEB81E46014700017F21 /* LoginViewController.swift */ = {isa = PBXFileReference; fileEncoding = 4; lastKnownFileType = sourcecode.swift; path = LoginViewController.swift; sourceTree = "<group>"; };
		917CFCCD1E462CF4007A91CE /* Auth.swift */ = {isa = PBXFileReference; fileEncoding = 4; lastKnownFileType = sourcecode.swift; path = Auth.swift; sourceTree = "<group>"; };
		BA3C2C5D65944D1D04083273 /* Pods_VoteUITests.framework */ = {isa = PBXFileReference; explicitFileType = wrapper.framework; includeInIndex = 0; path = Pods_VoteUITests.framework; sourceTree = BUILT_PRODUCTS_DIR; };
		BED654E69DB24C841D8A2CB1 /* Pods-Vote.release.xcconfig */ = {isa = PBXFileReference; includeInIndex = 1; lastKnownFileType = text.xcconfig; name = "Pods-Vote.release.xcconfig"; path = "Pods/Target Support Files/Pods-Vote/Pods-Vote.release.xcconfig"; sourceTree = "<group>"; };
		E3DB87A3A771EC2F7E67DAE1 /* Pods_VoteTests.framework */ = {isa = PBXFileReference; explicitFileType = wrapper.framework; includeInIndex = 0; path = Pods_VoteTests.framework; sourceTree = BUILT_PRODUCTS_DIR; };
		EA10D4859BF3F9045B1F763F /* Pods-VoteUITests.debug.xcconfig */ = {isa = PBXFileReference; includeInIndex = 1; lastKnownFileType = text.xcconfig; name = "Pods-VoteUITests.debug.xcconfig"; path = "Pods/Target Support Files/Pods-VoteUITests/Pods-VoteUITests.debug.xcconfig"; sourceTree = "<group>"; };
/* End PBXFileReference section */

/* Begin PBXFrameworksBuildPhase section */
		84CFA5951E391DCD004E2FA3 /* Frameworks */ = {
			isa = PBXFrameworksBuildPhase;
			buildActionMask = 2147483647;
			files = (
				0B7BBB09AD5C55F3DCE827EB /* Pods_Vote.framework in Frameworks */,
			);
			runOnlyForDeploymentPostprocessing = 0;
		};
		84CFA5A91E391DCF004E2FA3 /* Frameworks */ = {
			isa = PBXFrameworksBuildPhase;
			buildActionMask = 2147483647;
			files = (
				2820FAB9EED845B69B677DAA /* Pods_VoteTests.framework in Frameworks */,
			);
			runOnlyForDeploymentPostprocessing = 0;
		};
		84CFA5B41E391DCF004E2FA3 /* Frameworks */ = {
			isa = PBXFrameworksBuildPhase;
			buildActionMask = 2147483647;
			files = (
				8763A227392888D9E6FDC671 /* Pods_VoteUITests.framework in Frameworks */,
			);
			runOnlyForDeploymentPostprocessing = 0;
		};
/* End PBXFrameworksBuildPhase section */

/* Begin PBXGroup section */
		1DC270D932B48AEA2619AE18 /* Frameworks */ = {
			isa = PBXGroup;
			children = (
				301F87B2BC3B9F306CC4C6BF /* Pods_Vote.framework */,
				E3DB87A3A771EC2F7E67DAE1 /* Pods_VoteTests.framework */,
				BA3C2C5D65944D1D04083273 /* Pods_VoteUITests.framework */,
			);
			name = Frameworks;
			sourceTree = "<group>";
		};
		7CA0ABD495947D5CE539A6EE /* Pods */ = {
			isa = PBXGroup;
			children = (
				1E45E41C3BEB7644618ADD9F /* Pods-Vote.debug.xcconfig */,
				BED654E69DB24C841D8A2CB1 /* Pods-Vote.release.xcconfig */,
				7B2C2A14FC528EF996DCB118 /* Pods-VoteTests.debug.xcconfig */,
				83B5B2F808CC8E603555FC55 /* Pods-VoteTests.release.xcconfig */,
				EA10D4859BF3F9045B1F763F /* Pods-VoteUITests.debug.xcconfig */,
				7042DE1D99B328E0D81D943E /* Pods-VoteUITests.release.xcconfig */,
			);
			name = Pods;
			sourceTree = "<group>";
		};
		844913071E3D26CF001B4E69 /* Models */ = {
			isa = PBXGroup;
			children = (
				8449130C1E3D2731001B4E69 /* User.swift */,
				844B329E1E3D5D9D00C4ED9B /* Vote.swift */,
				84756A661E40DEB400BAEF65 /* Topic.swift */,
				917CFCCD1E462CF4007A91CE /* Auth.swift */,
			);
			name = Models;
			sourceTree = "<group>";
		};
		844913081E3D26D5001B4E69 /* Controllers */ = {
			isa = PBXGroup;
			children = (
				84CFA59D1E391DCE004E2FA3 /* ViewController.swift */,
				916BFEB81E46014700017F21 /* LoginViewController.swift */,
			);
			name = Controllers;
			sourceTree = "<group>";
		};
		844913091E3D26DC001B4E69 /* Layouts */ = {
			isa = PBXGroup;
			children = (
				91121A9C1E47613300DF58CF /* Main.storyboard */,
				84CFA5A41E391DCF004E2FA3 /* LaunchScreen.storyboard */,
			);
			name = Layouts;
			sourceTree = "<group>";
		};
		8449130A1E3D26E6001B4E69 /* Other */ = {
			isa = PBXGroup;
			children = (
				84CFA59B1E391DCE004E2FA3 /* AppDelegate.swift */,
			);
			name = Other;
			sourceTree = "<group>";
		};
		8449130B1E3D26EF001B4E69 /* Supporting Files */ = {
			isa = PBXGroup;
			children = (
				84CFA5A71E391DCF004E2FA3 /* Info.plist */,
			);
			name = "Supporting Files";
			sourceTree = "<group>";
		};
		84CFA58F1E391DCD004E2FA3 = {
			isa = PBXGroup;
			children = (
				84CFA59A1E391DCE004E2FA3 /* Vote */,
				84CFA5AF1E391DCF004E2FA3 /* VoteTests */,
				84CFA5BA1E391DCF004E2FA3 /* VoteUITests */,
				84CFA5991E391DCD004E2FA3 /* Products */,
				7CA0ABD495947D5CE539A6EE /* Pods */,
				1DC270D932B48AEA2619AE18 /* Frameworks */,
			);
			sourceTree = "<group>";
		};
		84CFA5991E391DCD004E2FA3 /* Products */ = {
			isa = PBXGroup;
			children = (
				84CFA5981E391DCD004E2FA3 /* Vote.app */,
				84CFA5AC1E391DCF004E2FA3 /* VoteTests.xctest */,
				84CFA5B71E391DCF004E2FA3 /* VoteUITests.xctest */,
			);
			name = Products;
			sourceTree = "<group>";
		};
		84CFA59A1E391DCE004E2FA3 /* Vote */ = {
			isa = PBXGroup;
			children = (
				91121A9F1E48A66300DF58CF /* Vote.entitlements */,
				8449130B1E3D26EF001B4E69 /* Supporting Files */,
				8449130A1E3D26E6001B4E69 /* Other */,
				844913091E3D26DC001B4E69 /* Layouts */,
				844913081E3D26D5001B4E69 /* Controllers */,
				844913071E3D26CF001B4E69 /* Models */,
				844913051E3D1EA0001B4E69 /* GoogleService-Info.plist */,
				84CFA5A21E391DCE004E2FA3 /* Assets.xcassets */,
			);
			path = Vote;
			sourceTree = "<group>";
		};
		84CFA5AF1E391DCF004E2FA3 /* VoteTests */ = {
			isa = PBXGroup;
			children = (
				84CFA5B01E391DCF004E2FA3 /* VoteTests.swift */,
				84CFA5B21E391DCF004E2FA3 /* Info.plist */,
			);
			path = VoteTests;
			sourceTree = "<group>";
		};
		84CFA5BA1E391DCF004E2FA3 /* VoteUITests */ = {
			isa = PBXGroup;
			children = (
				84CFA5BB1E391DCF004E2FA3 /* VoteUITests.swift */,
				84CFA5BD1E391DCF004E2FA3 /* Info.plist */,
			);
			path = VoteUITests;
			sourceTree = "<group>";
		};
/* End PBXGroup section */

/* Begin PBXNativeTarget section */
		84CFA5971E391DCD004E2FA3 /* Vote */ = {
			isa = PBXNativeTarget;
			buildConfigurationList = 84CFA5C01E391DCF004E2FA3 /* Build configuration list for PBXNativeTarget "Vote" */;
			buildPhases = (
				102F207526067473A4914CD0 /* [CP] Check Pods Manifest.lock */,
				84CFA5941E391DCD004E2FA3 /* Sources */,
				84CFA5951E391DCD004E2FA3 /* Frameworks */,
				84CFA5961E391DCD004E2FA3 /* Resources */,
				FBFC571B908B2A96EABFFFE9 /* [CP] Embed Pods Frameworks */,
				E5576C1D6675A432B435121D /* [CP] Copy Pods Resources */,
			);
			buildRules = (
			);
			dependencies = (
			);
			name = Vote;
			productName = Vote;
			productReference = 84CFA5981E391DCD004E2FA3 /* Vote.app */;
			productType = "com.apple.product-type.application";
		};
		84CFA5AB1E391DCF004E2FA3 /* VoteTests */ = {
			isa = PBXNativeTarget;
			buildConfigurationList = 84CFA5C31E391DCF004E2FA3 /* Build configuration list for PBXNativeTarget "VoteTests" */;
			buildPhases = (
				BE76723CC976BCDEBAE4EB60 /* [CP] Check Pods Manifest.lock */,
				84CFA5A81E391DCF004E2FA3 /* Sources */,
				84CFA5A91E391DCF004E2FA3 /* Frameworks */,
				84CFA5AA1E391DCF004E2FA3 /* Resources */,
				8A384D504DD5A53F6C56CC20 /* [CP] Embed Pods Frameworks */,
				65478A70698B3D6BE277E3D9 /* [CP] Copy Pods Resources */,
			);
			buildRules = (
			);
			dependencies = (
				84CFA5AE1E391DCF004E2FA3 /* PBXTargetDependency */,
			);
			name = VoteTests;
			productName = VoteTests;
			productReference = 84CFA5AC1E391DCF004E2FA3 /* VoteTests.xctest */;
			productType = "com.apple.product-type.bundle.unit-test";
		};
		84CFA5B61E391DCF004E2FA3 /* VoteUITests */ = {
			isa = PBXNativeTarget;
			buildConfigurationList = 84CFA5C61E391DCF004E2FA3 /* Build configuration list for PBXNativeTarget "VoteUITests" */;
			buildPhases = (
				46B2C067886B0496EF5D94A0 /* [CP] Check Pods Manifest.lock */,
				84CFA5B31E391DCF004E2FA3 /* Sources */,
				84CFA5B41E391DCF004E2FA3 /* Frameworks */,
				84CFA5B51E391DCF004E2FA3 /* Resources */,
				BBD5F24A01B9D55D4B0685E3 /* [CP] Embed Pods Frameworks */,
				BB2B923D3C0A3136BF4EE9A5 /* [CP] Copy Pods Resources */,
			);
			buildRules = (
			);
			dependencies = (
				84CFA5B91E391DCF004E2FA3 /* PBXTargetDependency */,
			);
			name = VoteUITests;
			productName = VoteUITests;
			productReference = 84CFA5B71E391DCF004E2FA3 /* VoteUITests.xctest */;
			productType = "com.apple.product-type.bundle.ui-testing";
		};
/* End PBXNativeTarget section */

/* Begin PBXProject section */
		84CFA5901E391DCD004E2FA3 /* Project object */ = {
			isa = PBXProject;
			attributes = {
				LastSwiftUpdateCheck = 0730;
				LastUpgradeCheck = 0820;
				ORGANIZATIONNAME = Louis;
				TargetAttributes = {
					84CFA5971E391DCD004E2FA3 = {
						CreatedOnToolsVersion = 7.3.1;
						DevelopmentTeam = 5878FNA4EM;
						LastSwiftMigration = 0820;
						SystemCapabilities = {
							com.apple.Keychain = {
								enabled = 1;
							};
						};
					};
					84CFA5AB1E391DCF004E2FA3 = {
						CreatedOnToolsVersion = 7.3.1;
						LastSwiftMigration = 0820;
						TestTargetID = 84CFA5971E391DCD004E2FA3;
					};
					84CFA5B61E391DCF004E2FA3 = {
						CreatedOnToolsVersion = 7.3.1;
						LastSwiftMigration = 0820;
						TestTargetID = 84CFA5971E391DCD004E2FA3;
					};
				};
			};
			buildConfigurationList = 84CFA5931E391DCD004E2FA3 /* Build configuration list for PBXProject "Vote" */;
			compatibilityVersion = "Xcode 3.2";
			developmentRegion = English;
			hasScannedForEncodings = 0;
			knownRegions = (
				en,
				Base,
			);
			mainGroup = 84CFA58F1E391DCD004E2FA3;
			productRefGroup = 84CFA5991E391DCD004E2FA3 /* Products */;
			projectDirPath = "";
			projectRoot = "";
			targets = (
				84CFA5971E391DCD004E2FA3 /* Vote */,
				84CFA5AB1E391DCF004E2FA3 /* VoteTests */,
				84CFA5B61E391DCF004E2FA3 /* VoteUITests */,
			);
		};
/* End PBXProject section */

/* Begin PBXResourcesBuildPhase section */
		84CFA5961E391DCD004E2FA3 /* Resources */ = {
			isa = PBXResourcesBuildPhase;
			buildActionMask = 2147483647;
			files = (
				84CFA5A61E391DCF004E2FA3 /* LaunchScreen.storyboard in Resources */,
				844913061E3D1EA1001B4E69 /* GoogleService-Info.plist in Resources */,
				84CFA5A31E391DCE004E2FA3 /* Assets.xcassets in Resources */,
				91121A9E1E47613300DF58CF /* Main.storyboard in Resources */,
			);
			runOnlyForDeploymentPostprocessing = 0;
		};
		84CFA5AA1E391DCF004E2FA3 /* Resources */ = {
			isa = PBXResourcesBuildPhase;
			buildActionMask = 2147483647;
			files = (
			);
			runOnlyForDeploymentPostprocessing = 0;
		};
		84CFA5B51E391DCF004E2FA3 /* Resources */ = {
			isa = PBXResourcesBuildPhase;
			buildActionMask = 2147483647;
			files = (
			);
			runOnlyForDeploymentPostprocessing = 0;
		};
/* End PBXResourcesBuildPhase section */

/* Begin PBXShellScriptBuildPhase section */
		102F207526067473A4914CD0 /* [CP] Check Pods Manifest.lock */ = {
			isa = PBXShellScriptBuildPhase;
			buildActionMask = 2147483647;
			files = (
			);
			inputPaths = (
			);
			name = "[CP] Check Pods Manifest.lock";
			outputPaths = (
			);
			runOnlyForDeploymentPostprocessing = 0;
			shellPath = /bin/sh;
			shellScript = "diff \"${PODS_ROOT}/../Podfile.lock\" \"${PODS_ROOT}/Manifest.lock\" > /dev/null\nif [ $? != 0 ] ; then\n    # print error to STDERR\n    echo \"error: The sandbox is not in sync with the Podfile.lock. Run 'pod install' or update your CocoaPods installation.\" >&2\n    exit 1\nfi\n";
			showEnvVarsInLog = 0;
		};
		46B2C067886B0496EF5D94A0 /* [CP] Check Pods Manifest.lock */ = {
			isa = PBXShellScriptBuildPhase;
			buildActionMask = 2147483647;
			files = (
			);
			inputPaths = (
			);
			name = "[CP] Check Pods Manifest.lock";
			outputPaths = (
			);
			runOnlyForDeploymentPostprocessing = 0;
			shellPath = /bin/sh;
			shellScript = "diff \"${PODS_ROOT}/../Podfile.lock\" \"${PODS_ROOT}/Manifest.lock\" > /dev/null\nif [ $? != 0 ] ; then\n    # print error to STDERR\n    echo \"error: The sandbox is not in sync with the Podfile.lock. Run 'pod install' or update your CocoaPods installation.\" >&2\n    exit 1\nfi\n";
			showEnvVarsInLog = 0;
		};
		65478A70698B3D6BE277E3D9 /* [CP] Copy Pods Resources */ = {
			isa = PBXShellScriptBuildPhase;
			buildActionMask = 2147483647;
			files = (
			);
			inputPaths = (
			);
			name = "[CP] Copy Pods Resources";
			outputPaths = (
			);
			runOnlyForDeploymentPostprocessing = 0;
			shellPath = /bin/sh;
			shellScript = "\"${SRCROOT}/Pods/Target Support Files/Pods-VoteTests/Pods-VoteTests-resources.sh\"\n";
			showEnvVarsInLog = 0;
		};
		8A384D504DD5A53F6C56CC20 /* [CP] Embed Pods Frameworks */ = {
			isa = PBXShellScriptBuildPhase;
			buildActionMask = 2147483647;
			files = (
			);
			inputPaths = (
			);
			name = "[CP] Embed Pods Frameworks";
			outputPaths = (
			);
			runOnlyForDeploymentPostprocessing = 0;
			shellPath = /bin/sh;
			shellScript = "\"${SRCROOT}/Pods/Target Support Files/Pods-VoteTests/Pods-VoteTests-frameworks.sh\"\n";
			showEnvVarsInLog = 0;
		};
		BB2B923D3C0A3136BF4EE9A5 /* [CP] Copy Pods Resources */ = {
			isa = PBXShellScriptBuildPhase;
			buildActionMask = 2147483647;
			files = (
			);
			inputPaths = (
			);
			name = "[CP] Copy Pods Resources";
			outputPaths = (
			);
			runOnlyForDeploymentPostprocessing = 0;
			shellPath = /bin/sh;
			shellScript = "\"${SRCROOT}/Pods/Target Support Files/Pods-VoteUITests/Pods-VoteUITests-resources.sh\"\n";
			showEnvVarsInLog = 0;
		};
		BBD5F24A01B9D55D4B0685E3 /* [CP] Embed Pods Frameworks */ = {
			isa = PBXShellScriptBuildPhase;
			buildActionMask = 2147483647;
			files = (
			);
			inputPaths = (
			);
			name = "[CP] Embed Pods Frameworks";
			outputPaths = (
			);
			runOnlyForDeploymentPostprocessing = 0;
			shellPath = /bin/sh;
			shellScript = "\"${SRCROOT}/Pods/Target Support Files/Pods-VoteUITests/Pods-VoteUITests-frameworks.sh\"\n";
			showEnvVarsInLog = 0;
		};
		BE76723CC976BCDEBAE4EB60 /* [CP] Check Pods Manifest.lock */ = {
			isa = PBXShellScriptBuildPhase;
			buildActionMask = 2147483647;
			files = (
			);
			inputPaths = (
			);
			name = "[CP] Check Pods Manifest.lock";
			outputPaths = (
			);
			runOnlyForDeploymentPostprocessing = 0;
			shellPath = /bin/sh;
			shellScript = "diff \"${PODS_ROOT}/../Podfile.lock\" \"${PODS_ROOT}/Manifest.lock\" > /dev/null\nif [ $? != 0 ] ; then\n    # print error to STDERR\n    echo \"error: The sandbox is not in sync with the Podfile.lock. Run 'pod install' or update your CocoaPods installation.\" >&2\n    exit 1\nfi\n";
			showEnvVarsInLog = 0;
		};
		E5576C1D6675A432B435121D /* [CP] Copy Pods Resources */ = {
			isa = PBXShellScriptBuildPhase;
			buildActionMask = 2147483647;
			files = (
			);
			inputPaths = (
			);
			name = "[CP] Copy Pods Resources";
			outputPaths = (
			);
			runOnlyForDeploymentPostprocessing = 0;
			shellPath = /bin/sh;
			shellScript = "\"${SRCROOT}/Pods/Target Support Files/Pods-Vote/Pods-Vote-resources.sh\"\n";
			showEnvVarsInLog = 0;
		};
		FBFC571B908B2A96EABFFFE9 /* [CP] Embed Pods Frameworks */ = {
			isa = PBXShellScriptBuildPhase;
			buildActionMask = 2147483647;
			files = (
			);
			inputPaths = (
			);
			name = "[CP] Embed Pods Frameworks";
			outputPaths = (
			);
			runOnlyForDeploymentPostprocessing = 0;
			shellPath = /bin/sh;
			shellScript = "\"${SRCROOT}/Pods/Target Support Files/Pods-Vote/Pods-Vote-frameworks.sh\"\n";
			showEnvVarsInLog = 0;
		};
/* End PBXShellScriptBuildPhase section */

/* Begin PBXSourcesBuildPhase section */
		84CFA5941E391DCD004E2FA3 /* Sources */ = {
			isa = PBXSourcesBuildPhase;
			buildActionMask = 2147483647;
			files = (
				916BFEB91E46014700017F21 /* LoginViewController.swift in Sources */,
				84CFA59E1E391DCE004E2FA3 /* ViewController.swift in Sources */,
				84756A671E40DEB400BAEF65 /* Topic.swift in Sources */,
				84CFA59C1E391DCE004E2FA3 /* AppDelegate.swift in Sources */,
				917CFCCE1E462CF4007A91CE /* Auth.swift in Sources */,
				8449130D1E3D2731001B4E69 /* User.swift in Sources */,
				844B329F1E3D5D9D00C4ED9B /* Vote.swift in Sources */,
			);
			runOnlyForDeploymentPostprocessing = 0;
		};
		84CFA5A81E391DCF004E2FA3 /* Sources */ = {
			isa = PBXSourcesBuildPhase;
			buildActionMask = 2147483647;
			files = (
				917CFCCF1E4635B9007A91CE /* AppDelegate.swift in Sources */,
				84CFA5B11E391DCF004E2FA3 /* VoteTests.swift in Sources */,
			);
			runOnlyForDeploymentPostprocessing = 0;
		};
		84CFA5B31E391DCF004E2FA3 /* Sources */ = {
			isa = PBXSourcesBuildPhase;
			buildActionMask = 2147483647;
			files = (
				917CFCD01E4635BA007A91CE /* AppDelegate.swift in Sources */,
				84CFA5BC1E391DCF004E2FA3 /* VoteUITests.swift in Sources */,
			);
			runOnlyForDeploymentPostprocessing = 0;
		};
/* End PBXSourcesBuildPhase section */

/* Begin PBXTargetDependency section */
		84CFA5AE1E391DCF004E2FA3 /* PBXTargetDependency */ = {
			isa = PBXTargetDependency;
			target = 84CFA5971E391DCD004E2FA3 /* Vote */;
			targetProxy = 84CFA5AD1E391DCF004E2FA3 /* PBXContainerItemProxy */;
		};
		84CFA5B91E391DCF004E2FA3 /* PBXTargetDependency */ = {
			isa = PBXTargetDependency;
			target = 84CFA5971E391DCD004E2FA3 /* Vote */;
			targetProxy = 84CFA5B81E391DCF004E2FA3 /* PBXContainerItemProxy */;
		};
/* End PBXTargetDependency section */

/* Begin PBXVariantGroup section */
		84CFA5A41E391DCF004E2FA3 /* LaunchScreen.storyboard */ = {
			isa = PBXVariantGroup;
			children = (
				84CFA5A51E391DCF004E2FA3 /* Base */,
			);
			name = LaunchScreen.storyboard;
			sourceTree = "<group>";
		};
		91121A9C1E47613300DF58CF /* Main.storyboard */ = {
			isa = PBXVariantGroup;
			children = (
				91121A9D1E47613300DF58CF /* Base */,
			);
			name = Main.storyboard;
			sourceTree = "<group>";
		};
/* End PBXVariantGroup section */

/* Begin XCBuildConfiguration section */
		84CFA5BE1E391DCF004E2FA3 /* Debug */ = {
			isa = XCBuildConfiguration;
			buildSettings = {
				ALWAYS_SEARCH_USER_PATHS = NO;
				CLANG_ANALYZER_NONNULL = YES;
				CLANG_CXX_LANGUAGE_STANDARD = "gnu++0x";
				CLANG_CXX_LIBRARY = "libc++";
				CLANG_ENABLE_MODULES = YES;
				CLANG_ENABLE_OBJC_ARC = YES;
				CLANG_WARN_BOOL_CONVERSION = YES;
				CLANG_WARN_CONSTANT_CONVERSION = YES;
				CLANG_WARN_DIRECT_OBJC_ISA_USAGE = YES_ERROR;
				CLANG_WARN_EMPTY_BODY = YES;
				CLANG_WARN_ENUM_CONVERSION = YES;
				CLANG_WARN_INFINITE_RECURSION = YES;
				CLANG_WARN_INT_CONVERSION = YES;
				CLANG_WARN_OBJC_ROOT_CLASS = YES_ERROR;
				CLANG_WARN_SUSPICIOUS_MOVE = YES;
				CLANG_WARN_UNREACHABLE_CODE = YES;
				CLANG_WARN__DUPLICATE_METHOD_MATCH = YES;
				"CODE_SIGN_IDENTITY[sdk=iphoneos*]" = "iPhone Developer";
				COPY_PHASE_STRIP = NO;
				DEBUG_INFORMATION_FORMAT = dwarf;
				ENABLE_STRICT_OBJC_MSGSEND = YES;
				ENABLE_TESTABILITY = YES;
				GCC_C_LANGUAGE_STANDARD = gnu99;
				GCC_DYNAMIC_NO_PIC = NO;
				GCC_NO_COMMON_BLOCKS = YES;
				GCC_OPTIMIZATION_LEVEL = 0;
				GCC_PREPROCESSOR_DEFINITIONS = (
					"DEBUG=1",
					"$(inherited)",
				);
				GCC_WARN_64_TO_32_BIT_CONVERSION = YES;
				GCC_WARN_ABOUT_RETURN_TYPE = YES_ERROR;
				GCC_WARN_UNDECLARED_SELECTOR = YES;
				GCC_WARN_UNINITIALIZED_AUTOS = YES_AGGRESSIVE;
				GCC_WARN_UNUSED_FUNCTION = YES;
				GCC_WARN_UNUSED_VARIABLE = YES;
				IPHONEOS_DEPLOYMENT_TARGET = 9.3;
				MTL_ENABLE_DEBUG_INFO = YES;
				ONLY_ACTIVE_ARCH = YES;
				SDKROOT = iphoneos;
				SWIFT_OPTIMIZATION_LEVEL = "-Onone";
				TARGETED_DEVICE_FAMILY = "1,2";
			};
			name = Debug;
		};
		84CFA5BF1E391DCF004E2FA3 /* Release */ = {
			isa = XCBuildConfiguration;
			buildSettings = {
				ALWAYS_SEARCH_USER_PATHS = NO;
				CLANG_ANALYZER_NONNULL = YES;
				CLANG_CXX_LANGUAGE_STANDARD = "gnu++0x";
				CLANG_CXX_LIBRARY = "libc++";
				CLANG_ENABLE_MODULES = YES;
				CLANG_ENABLE_OBJC_ARC = YES;
				CLANG_WARN_BOOL_CONVERSION = YES;
				CLANG_WARN_CONSTANT_CONVERSION = YES;
				CLANG_WARN_DIRECT_OBJC_ISA_USAGE = YES_ERROR;
				CLANG_WARN_EMPTY_BODY = YES;
				CLANG_WARN_ENUM_CONVERSION = YES;
				CLANG_WARN_INFINITE_RECURSION = YES;
				CLANG_WARN_INT_CONVERSION = YES;
				CLANG_WARN_OBJC_ROOT_CLASS = YES_ERROR;
				CLANG_WARN_SUSPICIOUS_MOVE = YES;
				CLANG_WARN_UNREACHABLE_CODE = YES;
				CLANG_WARN__DUPLICATE_METHOD_MATCH = YES;
				"CODE_SIGN_IDENTITY[sdk=iphoneos*]" = "iPhone Developer";
				COPY_PHASE_STRIP = NO;
				DEBUG_INFORMATION_FORMAT = "dwarf-with-dsym";
				ENABLE_NS_ASSERTIONS = NO;
				ENABLE_STRICT_OBJC_MSGSEND = YES;
				GCC_C_LANGUAGE_STANDARD = gnu99;
				GCC_NO_COMMON_BLOCKS = YES;
				GCC_WARN_64_TO_32_BIT_CONVERSION = YES;
				GCC_WARN_ABOUT_RETURN_TYPE = YES_ERROR;
				GCC_WARN_UNDECLARED_SELECTOR = YES;
				GCC_WARN_UNINITIALIZED_AUTOS = YES_AGGRESSIVE;
				GCC_WARN_UNUSED_FUNCTION = YES;
				GCC_WARN_UNUSED_VARIABLE = YES;
				IPHONEOS_DEPLOYMENT_TARGET = 9.3;
				MTL_ENABLE_DEBUG_INFO = NO;
				SDKROOT = iphoneos;
				SWIFT_OPTIMIZATION_LEVEL = "-Owholemodule";
				TARGETED_DEVICE_FAMILY = "1,2";
				VALIDATE_PRODUCT = YES;
			};
			name = Release;
		};
		84CFA5C11E391DCF004E2FA3 /* Debug */ = {
			isa = XCBuildConfiguration;
			baseConfigurationReference = 1E45E41C3BEB7644618ADD9F /* Pods-Vote.debug.xcconfig */;
			buildSettings = {
				ASSETCATALOG_COMPILER_APPICON_NAME = AppIcon;
				CODE_SIGN_ENTITLEMENTS = Vote/Vote.entitlements;
				DEVELOPMENT_TEAM = 5878FNA4EM;
				FRAMEWORK_SEARCH_PATHS = (
					"$(inherited)",
					"$(PROJECT_DIR)",
					"$(PROJECT_DIR)/build/Debug-iphoneos/Bolts",
					"$(PROJECT_DIR)/build/Debug-iphoneos/FBSDKCoreKit",
					"$(PROJECT_DIR)/build/Debug-iphoneos/FBSDKLoginKit",
					"$(PROJECT_DIR)/build/Debug-iphoneos/FBSDKShareKit",
				);
				INFOPLIST_FILE = Vote/Info.plist;
				LD_RUNPATH_SEARCH_PATHS = "$(inherited) @executable_path/Frameworks";
				PRODUCT_BUNDLE_IDENTIFIER = Louis.Vote;
				PRODUCT_NAME = "$(TARGET_NAME)";
				SWIFT_VERSION = 3.0;
			};
			name = Debug;
		};
		84CFA5C21E391DCF004E2FA3 /* Release */ = {
			isa = XCBuildConfiguration;
			baseConfigurationReference = BED654E69DB24C841D8A2CB1 /* Pods-Vote.release.xcconfig */;
			buildSettings = {
				ASSETCATALOG_COMPILER_APPICON_NAME = AppIcon;
				CODE_SIGN_ENTITLEMENTS = Vote/Vote.entitlements;
				DEVELOPMENT_TEAM = 5878FNA4EM;
				FRAMEWORK_SEARCH_PATHS = (
					"$(inherited)",
					"$(PROJECT_DIR)",
					"$(PROJECT_DIR)/build/Debug-iphoneos/Bolts",
					"$(PROJECT_DIR)/build/Debug-iphoneos/FBSDKCoreKit",
					"$(PROJECT_DIR)/build/Debug-iphoneos/FBSDKLoginKit",
					"$(PROJECT_DIR)/build/Debug-iphoneos/FBSDKShareKit",
				);
				INFOPLIST_FILE = Vote/Info.plist;
				LD_RUNPATH_SEARCH_PATHS = "$(inherited) @executable_path/Frameworks";
				PRODUCT_BUNDLE_IDENTIFIER = Louis.Vote;
				PRODUCT_NAME = "$(TARGET_NAME)";
				SWIFT_VERSION = 3.0;
			};
			name = Release;
		};
		84CFA5C41E391DCF004E2FA3 /* Debug */ = {
			isa = XCBuildConfiguration;
			baseConfigurationReference = 7B2C2A14FC528EF996DCB118 /* Pods-VoteTests.debug.xcconfig */;
			buildSettings = {
				BUNDLE_LOADER = "$(TEST_HOST)";
				FRAMEWORK_SEARCH_PATHS = (
					"$(inherited)",
					"$(PROJECT_DIR)/build/Debug-iphoneos/Bolts",
					"$(PROJECT_DIR)/build/Debug-iphoneos/FBSDKCoreKit",
					"$(PROJECT_DIR)/build/Debug-iphoneos/FBSDKLoginKit",
					"$(PROJECT_DIR)/build/Debug-iphoneos/FBSDKShareKit",
				);
				INFOPLIST_FILE = VoteTests/Info.plist;
				LD_RUNPATH_SEARCH_PATHS = "$(inherited) @executable_path/Frameworks @loader_path/Frameworks";
				PRODUCT_BUNDLE_IDENTIFIER = Louis.VoteTests;
				PRODUCT_NAME = "$(TARGET_NAME)";
				SWIFT_VERSION = 3.0;
				TEST_HOST = "$(BUILT_PRODUCTS_DIR)/Vote.app/Vote";
			};
			name = Debug;
		};
		84CFA5C51E391DCF004E2FA3 /* Release */ = {
			isa = XCBuildConfiguration;
			baseConfigurationReference = 83B5B2F808CC8E603555FC55 /* Pods-VoteTests.release.xcconfig */;
			buildSettings = {
				BUNDLE_LOADER = "$(TEST_HOST)";
				FRAMEWORK_SEARCH_PATHS = (
					"$(inherited)",
					"$(PROJECT_DIR)/build/Debug-iphoneos/Bolts",
					"$(PROJECT_DIR)/build/Debug-iphoneos/FBSDKCoreKit",
					"$(PROJECT_DIR)/build/Debug-iphoneos/FBSDKLoginKit",
					"$(PROJECT_DIR)/build/Debug-iphoneos/FBSDKShareKit",
				);
				INFOPLIST_FILE = VoteTests/Info.plist;
				LD_RUNPATH_SEARCH_PATHS = "$(inherited) @executable_path/Frameworks @loader_path/Frameworks";
				PRODUCT_BUNDLE_IDENTIFIER = Louis.VoteTests;
				PRODUCT_NAME = "$(TARGET_NAME)";
				SWIFT_VERSION = 3.0;
				TEST_HOST = "$(BUILT_PRODUCTS_DIR)/Vote.app/Vote";
			};
			name = Release;
		};
		84CFA5C71E391DCF004E2FA3 /* Debug */ = {
			isa = XCBuildConfiguration;
			baseConfigurationReference = EA10D4859BF3F9045B1F763F /* Pods-VoteUITests.debug.xcconfig */;
			buildSettings = {
				FRAMEWORK_SEARCH_PATHS = (
					"$(inherited)",
					"$(PROJECT_DIR)/build/Debug-iphoneos/Bolts",
					"$(PROJECT_DIR)/build/Debug-iphoneos/FBSDKCoreKit",
					"$(PROJECT_DIR)/build/Debug-iphoneos/FBSDKLoginKit",
					"$(PROJECT_DIR)/build/Debug-iphoneos/FBSDKShareKit",
				);
				INFOPLIST_FILE = VoteUITests/Info.plist;
				LD_RUNPATH_SEARCH_PATHS = "$(inherited) @executable_path/Frameworks @loader_path/Frameworks";
				PRODUCT_BUNDLE_IDENTIFIER = Louis.VoteUITests;
				PRODUCT_NAME = "$(TARGET_NAME)";
				SWIFT_VERSION = 3.0;
				TEST_TARGET_NAME = Vote;
			};
			name = Debug;
		};
		84CFA5C81E391DCF004E2FA3 /* Release */ = {
			isa = XCBuildConfiguration;
			baseConfigurationReference = 7042DE1D99B328E0D81D943E /* Pods-VoteUITests.release.xcconfig */;
			buildSettings = {
				FRAMEWORK_SEARCH_PATHS = (
					"$(inherited)",
					"$(PROJECT_DIR)/build/Debug-iphoneos/Bolts",
					"$(PROJECT_DIR)/build/Debug-iphoneos/FBSDKCoreKit",
					"$(PROJECT_DIR)/build/Debug-iphoneos/FBSDKLoginKit",
					"$(PROJECT_DIR)/build/Debug-iphoneos/FBSDKShareKit",
				);
				INFOPLIST_FILE = VoteUITests/Info.plist;
				LD_RUNPATH_SEARCH_PATHS = "$(inherited) @executable_path/Frameworks @loader_path/Frameworks";
				PRODUCT_BUNDLE_IDENTIFIER = Louis.VoteUITests;
				PRODUCT_NAME = "$(TARGET_NAME)";
				SWIFT_VERSION = 3.0;
				TEST_TARGET_NAME = Vote;
			};
			name = Release;
		};
/* End XCBuildConfiguration section */

/* Begin XCConfigurationList section */
		84CFA5931E391DCD004E2FA3 /* Build configuration list for PBXProject "Vote" */ = {
			isa = XCConfigurationList;
			buildConfigurations = (
				84CFA5BE1E391DCF004E2FA3 /* Debug */,
				84CFA5BF1E391DCF004E2FA3 /* Release */,
			);
			defaultConfigurationIsVisible = 0;
			defaultConfigurationName = Release;
		};
		84CFA5C01E391DCF004E2FA3 /* Build configuration list for PBXNativeTarget "Vote" */ = {
			isa = XCConfigurationList;
			buildConfigurations = (
				84CFA5C11E391DCF004E2FA3 /* Debug */,
				84CFA5C21E391DCF004E2FA3 /* Release */,
			);
			defaultConfigurationIsVisible = 0;
			defaultConfigurationName = Release;
		};
		84CFA5C31E391DCF004E2FA3 /* Build configuration list for PBXNativeTarget "VoteTests" */ = {
			isa = XCConfigurationList;
			buildConfigurations = (
				84CFA5C41E391DCF004E2FA3 /* Debug */,
				84CFA5C51E391DCF004E2FA3 /* Release */,
			);
			defaultConfigurationIsVisible = 0;
			defaultConfigurationName = Release;
		};
		84CFA5C61E391DCF004E2FA3 /* Build configuration list for PBXNativeTarget "VoteUITests" */ = {
			isa = XCConfigurationList;
			buildConfigurations = (
				84CFA5C71E391DCF004E2FA3 /* Debug */,
				84CFA5C81E391DCF004E2FA3 /* Release */,
			);
			defaultConfigurationIsVisible = 0;
			defaultConfigurationName = Release;
		};
/* End XCConfigurationList section */
	};
	rootObject = 84CFA5901E391DCD004E2FA3 /* Project object */;
}
